
Microsoft Visual Studio Solution File, Format Version 12.00
# Visual Studio Version 17
VisualStudioVersion = 17.2.32616.157
MinimumVisualStudioVersion = 10.0.40219.1
Project("{FAE04EC0-301F-11D3-BF4B-00C04F79EFBC}") = "ExercicioQuestao-4", "ExercicioQuestao-4.csproj", "{39BBAEB8-8FC5-4CE5-A401-82218B774723}"
EndProject
Global
	GlobalSection(SolutionConfigurationPlatforms) = preSolution
		Debug|Any CPU = Debug|Any CPU
		Release|Any CPU = Release|Any CPU
	EndGlobalSection
	GlobalSection(ProjectConfigurationPlatforms) = postSolution
		{39BBAEB8-8FC5-4CE5-A401-82218B774723}.Debug|Any CPU.ActiveCfg = Debug|Any CPU
		{39BBAEB8-8FC5-4CE5-A401-82218B774723}.Debug|Any CPU.Build.0 = Debug|Any CPU
		{39BBAEB8-8FC5-4CE5-A401-82218B774723}.Release|Any CPU.ActiveCfg = Release|Any CPU
		{39BBAEB8-8FC5-4CE5-A401-82218B774723}.Release|Any CPU.Build.0 = Release|Any CPU
	EndGlobalSection
	GlobalSection(SolutionProperties) = preSolution
		HideSolutionNode = FALSE
	EndGlobalSection
	GlobalSection(ExtensibilityGlobals) = postSolution
		SolutionGuid = {FB99683D-D58A-40B5-9FF7-CE060DAD4730}
	EndGlobalSection
EndGlobal
